// !$*UTF8*$!
{
	archiveVersion = 1;
	classes = {
	};
	objectVersion = 55;
	objects = {

/* Begin PBXBuildFile section */
		4A275E6E27CE0A1B00F2CACA /* AppDelegate.swift in Sources */ = {isa = PBXBuildFile; fileRef = 4A275E6D27CE0A1B00F2CACA /* AppDelegate.swift */; };
		4A275E7227CE0A1B00F2CACA /* MovieSearchViewController.swift in Sources */ = {isa = PBXBuildFile; fileRef = 4A275E7127CE0A1B00F2CACA /* MovieSearchViewController.swift */; };
		4A275E7527CE0A1B00F2CACA /* Main.storyboard in Resources */ = {isa = PBXBuildFile; fileRef = 4A275E7327CE0A1B00F2CACA /* Main.storyboard */; };
		4A275E7727CE0A1D00F2CACA /* Assets.xcassets in Resources */ = {isa = PBXBuildFile; fileRef = 4A275E7627CE0A1D00F2CACA /* Assets.xcassets */; };
		4A275E7A27CE0A1D00F2CACA /* LaunchScreen.storyboard in Resources */ = {isa = PBXBuildFile; fileRef = 4A275E7827CE0A1D00F2CACA /* LaunchScreen.storyboard */; };
		4A275E8227CE0A4B00F2CACA /* movies.json in Resources */ = {isa = PBXBuildFile; fileRef = 4A275E8127CE0A4B00F2CACA /* movies.json */; };
		4A275E8427CE1D5600F2CACA /* Coordinator.swift in Sources */ = {isa = PBXBuildFile; fileRef = 4A275E8327CE1D5600F2CACA /* Coordinator.swift */; };
		4A275E8627CE1D9B00F2CACA /* MovieSearchCoordinator.swift in Sources */ = {isa = PBXBuildFile; fileRef = 4A275E8527CE1D9B00F2CACA /* MovieSearchCoordinator.swift */; };
		4A275E8827CE20D900F2CACA /* MovieDetailsCoordinator.swift in Sources */ = {isa = PBXBuildFile; fileRef = 4A275E8727CE20D900F2CACA /* MovieDetailsCoordinator.swift */; };
		4A275E8A27CE21B800F2CACA /* MovieDetailsViewController.swift in Sources */ = {isa = PBXBuildFile; fileRef = 4A275E8927CE21B800F2CACA /* MovieDetailsViewController.swift */; };
		4A275E8C27CE221400F2CACA /* MovieViewModel.swift in Sources */ = {isa = PBXBuildFile; fileRef = 4A275E8B27CE221300F2CACA /* MovieViewModel.swift */; };
		4A9BBC1027CE452D004A8C7F /* MovieSearchViewModel.swift in Sources */ = {isa = PBXBuildFile; fileRef = 4A9BBC0F27CE452D004A8C7F /* MovieSearchViewModel.swift */; };
		4A9BBC1227CE4CC9004A8C7F /* MoviesModel.swift in Sources */ = {isa = PBXBuildFile; fileRef = 4A9BBC1127CE4CC9004A8C7F /* MoviesModel.swift */; };
		4A9BBC1427CE4D96004A8C7F /* JSONHelpers.swift in Sources */ = {isa = PBXBuildFile; fileRef = 4A9BBC1327CE4D96004A8C7F /* JSONHelpers.swift */; };
		4A9BBC1927CE63FC004A8C7F /* MovieSearchApi.swift in Sources */ = {isa = PBXBuildFile; fileRef = 4A9BBC1827CE63FC004A8C7F /* MovieSearchApi.swift */; };
		4A9BBC1B27CE9D4D004A8C7F /* RemoteService.swift in Sources */ = {isa = PBXBuildFile; fileRef = 4A9BBC1A27CE9D4D004A8C7F /* RemoteService.swift */; };
		4A9BBC1D27CE9D5D004A8C7F /* LocalJsonService.swift in Sources */ = {isa = PBXBuildFile; fileRef = 4A9BBC1C27CE9D5D004A8C7F /* LocalJsonService.swift */; };
		4A9BBC2527CE9E0F004A8C7F /* ServiceManagerProtocol.swift in Sources */ = {isa = PBXBuildFile; fileRef = 4A9BBC2427CE9E0F004A8C7F /* ServiceManagerProtocol.swift */; };
		4A9BBC2A27CE9F95004A8C7F /* RemoteMovieSearchApi.swift in Sources */ = {isa = PBXBuildFile; fileRef = 4A9BBC2927CE9F95004A8C7F /* RemoteMovieSearchApi.swift */; };
		4A9BBC2C27CE9FA5004A8C7F /* LocalJsonMovieSearch.swift in Sources */ = {isa = PBXBuildFile; fileRef = 4A9BBC2B27CE9FA5004A8C7F /* LocalJsonMovieSearch.swift */; };
		4A9BBC2E27CEBA89004A8C7F /* Extensions.swift in Sources */ = {isa = PBXBuildFile; fileRef = 4A9BBC2D27CEBA89004A8C7F /* Extensions.swift */; };
		4A9BBC3027CF4B45004A8C7F /* SearchTableViewDatasource.swift in Sources */ = {isa = PBXBuildFile; fileRef = 4A9BBC2F27CF4B45004A8C7F /* SearchTableViewDatasource.swift */; };
		4A9BBC3327CF718C004A8C7F /* MovieTableViewCell.swift in Sources */ = {isa = PBXBuildFile; fileRef = 4A9BBC3127CF718C004A8C7F /* MovieTableViewCell.swift */; };
		4A9BBC3427CF718C004A8C7F /* MovieTableViewCell.xib in Resources */ = {isa = PBXBuildFile; fileRef = 4A9BBC3227CF718C004A8C7F /* MovieTableViewCell.xib */; };
		4A9BBC3C27CF9734004A8C7F /* ImageLoader.swift in Sources */ = {isa = PBXBuildFile; fileRef = 4A9BBC3B27CF9734004A8C7F /* ImageLoader.swift */; };
		4A9BBC3E27CFA0CB004A8C7F /* Enums.swift in Sources */ = {isa = PBXBuildFile; fileRef = 4A9BBC3D27CFA0CB004A8C7F /* Enums.swift */; };
		4A9BBC4027CFA325004A8C7F /* Protocols.swift in Sources */ = {isa = PBXBuildFile; fileRef = 4A9BBC3F27CFA325004A8C7F /* Protocols.swift */; };
/* End PBXBuildFile section */

/* Begin PBXFileReference section */
		4A275E6A27CE0A1B00F2CACA /* MovieWatch.app */ = {isa = PBXFileReference; explicitFileType = wrapper.application; includeInIndex = 0; path = MovieWatch.app; sourceTree = BUILT_PRODUCTS_DIR; };
		4A275E6D27CE0A1B00F2CACA /* AppDelegate.swift */ = {isa = PBXFileReference; lastKnownFileType = sourcecode.swift; path = AppDelegate.swift; sourceTree = "<group>"; };
		4A275E7127CE0A1B00F2CACA /* MovieSearchViewController.swift */ = {isa = PBXFileReference; lastKnownFileType = sourcecode.swift; path = MovieSearchViewController.swift; sourceTree = "<group>"; };
		4A275E7427CE0A1B00F2CACA /* Base */ = {isa = PBXFileReference; lastKnownFileType = file.storyboard; name = Base; path = Base.lproj/Main.storyboard; sourceTree = "<group>"; };
		4A275E7627CE0A1D00F2CACA /* Assets.xcassets */ = {isa = PBXFileReference; lastKnownFileType = folder.assetcatalog; path = Assets.xcassets; sourceTree = "<group>"; };
		4A275E7927CE0A1D00F2CACA /* Base */ = {isa = PBXFileReference; lastKnownFileType = file.storyboard; name = Base; path = Base.lproj/LaunchScreen.storyboard; sourceTree = "<group>"; };
		4A275E7B27CE0A1D00F2CACA /* Info.plist */ = {isa = PBXFileReference; lastKnownFileType = text.plist.xml; path = Info.plist; sourceTree = "<group>"; };
		4A275E8127CE0A4B00F2CACA /* movies.json */ = {isa = PBXFileReference; fileEncoding = 4; lastKnownFileType = text.json; path = movies.json; sourceTree = "<group>"; };
		4A275E8327CE1D5600F2CACA /* Coordinator.swift */ = {isa = PBXFileReference; lastKnownFileType = sourcecode.swift; path = Coordinator.swift; sourceTree = "<group>"; };
		4A275E8527CE1D9B00F2CACA /* MovieSearchCoordinator.swift */ = {isa = PBXFileReference; lastKnownFileType = sourcecode.swift; path = MovieSearchCoordinator.swift; sourceTree = "<group>"; };
		4A275E8727CE20D900F2CACA /* MovieDetailsCoordinator.swift */ = {isa = PBXFileReference; lastKnownFileType = sourcecode.swift; path = MovieDetailsCoordinator.swift; sourceTree = "<group>"; };
		4A275E8927CE21B800F2CACA /* MovieDetailsViewController.swift */ = {isa = PBXFileReference; lastKnownFileType = sourcecode.swift; path = MovieDetailsViewController.swift; sourceTree = "<group>"; };
		4A275E8B27CE221300F2CACA /* MovieViewModel.swift */ = {isa = PBXFileReference; lastKnownFileType = sourcecode.swift; path = MovieViewModel.swift; sourceTree = "<group>"; };
		4A9BBC0F27CE452D004A8C7F /* MovieSearchViewModel.swift */ = {isa = PBXFileReference; lastKnownFileType = sourcecode.swift; path = MovieSearchViewModel.swift; sourceTree = "<group>"; };
		4A9BBC1127CE4CC9004A8C7F /* MoviesModel.swift */ = {isa = PBXFileReference; lastKnownFileType = sourcecode.swift; path = MoviesModel.swift; sourceTree = "<group>"; };
		4A9BBC1327CE4D96004A8C7F /* JSONHelpers.swift */ = {isa = PBXFileReference; lastKnownFileType = sourcecode.swift; path = JSONHelpers.swift; sourceTree = "<group>"; };
		4A9BBC1827CE63FC004A8C7F /* MovieSearchApi.swift */ = {isa = PBXFileReference; lastKnownFileType = sourcecode.swift; path = MovieSearchApi.swift; sourceTree = "<group>"; };
		4A9BBC1A27CE9D4D004A8C7F /* RemoteService.swift */ = {isa = PBXFileReference; lastKnownFileType = sourcecode.swift; path = RemoteService.swift; sourceTree = "<group>"; };
		4A9BBC1C27CE9D5D004A8C7F /* LocalJsonService.swift */ = {isa = PBXFileReference; lastKnownFileType = sourcecode.swift; path = LocalJsonService.swift; sourceTree = "<group>"; };
		4A9BBC2427CE9E0F004A8C7F /* ServiceManagerProtocol.swift */ = {isa = PBXFileReference; lastKnownFileType = sourcecode.swift; path = ServiceManagerProtocol.swift; sourceTree = "<group>"; };
		4A9BBC2927CE9F95004A8C7F /* RemoteMovieSearchApi.swift */ = {isa = PBXFileReference; lastKnownFileType = sourcecode.swift; path = RemoteMovieSearchApi.swift; sourceTree = "<group>"; };
		4A9BBC2B27CE9FA5004A8C7F /* LocalJsonMovieSearch.swift */ = {isa = PBXFileReference; lastKnownFileType = sourcecode.swift; path = LocalJsonMovieSearch.swift; sourceTree = "<group>"; };
		4A9BBC2D27CEBA89004A8C7F /* Extensions.swift */ = {isa = PBXFileReference; lastKnownFileType = sourcecode.swift; path = Extensions.swift; sourceTree = "<group>"; };
		4A9BBC2F27CF4B45004A8C7F /* SearchTableViewDatasource.swift */ = {isa = PBXFileReference; lastKnownFileType = sourcecode.swift; path = SearchTableViewDatasource.swift; sourceTree = "<group>"; };
		4A9BBC3127CF718C004A8C7F /* MovieTableViewCell.swift */ = {isa = PBXFileReference; lastKnownFileType = sourcecode.swift; path = MovieTableViewCell.swift; sourceTree = "<group>"; };
		4A9BBC3227CF718C004A8C7F /* MovieTableViewCell.xib */ = {isa = PBXFileReference; lastKnownFileType = file.xib; path = MovieTableViewCell.xib; sourceTree = "<group>"; };
		4A9BBC3B27CF9734004A8C7F /* ImageLoader.swift */ = {isa = PBXFileReference; lastKnownFileType = sourcecode.swift; path = ImageLoader.swift; sourceTree = "<group>"; };
		4A9BBC3D27CFA0CB004A8C7F /* Enums.swift */ = {isa = PBXFileReference; lastKnownFileType = sourcecode.swift; path = Enums.swift; sourceTree = "<group>"; };
		4A9BBC3F27CFA325004A8C7F /* Protocols.swift */ = {isa = PBXFileReference; lastKnownFileType = sourcecode.swift; path = Protocols.swift; sourceTree = "<group>"; };
/* End PBXFileReference section */

/* Begin PBXFrameworksBuildPhase section */
		4A275E6727CE0A1B00F2CACA /* Frameworks */ = {
			isa = PBXFrameworksBuildPhase;
			buildActionMask = 2147483647;
			files = (
			);
			runOnlyForDeploymentPostprocessing = 0;
		};
/* End PBXFrameworksBuildPhase section */

/* Begin PBXGroup section */
		4A275E6127CE0A1B00F2CACA = {
			isa = PBXGroup;
			children = (
				4A275E6C27CE0A1B00F2CACA /* MovieWatch */,
				4A275E6B27CE0A1B00F2CACA /* Products */,
			);
			sourceTree = "<group>";
		};
		4A275E6B27CE0A1B00F2CACA /* Products */ = {
			isa = PBXGroup;
			children = (
				4A275E6A27CE0A1B00F2CACA /* MovieWatch.app */,
			);
			name = Products;
			sourceTree = "<group>";
		};
		4A275E6C27CE0A1B00F2CACA /* MovieWatch */ = {
			isa = PBXGroup;
			children = (
				4A275E6D27CE0A1B00F2CACA /* AppDelegate.swift */,
				4A9BBC2227CE9DBF004A8C7F /* View */,
				4A275E7627CE0A1D00F2CACA /* Assets.xcassets */,
				4A275E7827CE0A1D00F2CACA /* LaunchScreen.storyboard */,
				4A275E7B27CE0A1D00F2CACA /* Info.plist */,
				4A9BBC2027CE9D9E004A8C7F /* Coordinator */,
				4A9BBC2127CE9DAA004A8C7F /* ViewModel */,
				4A9BBC2327CE9DCD004A8C7F /* Models */,
				4A9BBC1F27CE9D93004A8C7F /* Helper */,
				4A9BBC2627CE9EEC004A8C7F /* Api */,
				4A9BBC1E27CE9D87004A8C7F /* Service Manager */,
			);
			path = MovieWatch;
			sourceTree = "<group>";
		};
		4A9BBC1E27CE9D87004A8C7F /* Service Manager */ = {
			isa = PBXGroup;
			children = (
				4A9BBC1C27CE9D5D004A8C7F /* LocalJsonService.swift */,
				4A9BBC1A27CE9D4D004A8C7F /* RemoteService.swift */,
				4A9BBC2427CE9E0F004A8C7F /* ServiceManagerProtocol.swift */,
			);
			path = "Service Manager";
			sourceTree = "<group>";
		};
		4A9BBC1F27CE9D93004A8C7F /* Helper */ = {
			isa = PBXGroup;
			children = (
				4A275E8127CE0A4B00F2CACA /* movies.json */,
				4A9BBC1327CE4D96004A8C7F /* JSONHelpers.swift */,
				4A9BBC2D27CEBA89004A8C7F /* Extensions.swift */,
				4A9BBC3D27CFA0CB004A8C7F /* Enums.swift */,
				4A9BBC3F27CFA325004A8C7F /* Protocols.swift */,
			);
			path = Helper;
			sourceTree = "<group>";
		};
		4A9BBC2027CE9D9E004A8C7F /* Coordinator */ = {
			isa = PBXGroup;
			children = (
				4A275E8327CE1D5600F2CACA /* Coordinator.swift */,
				4A275E8527CE1D9B00F2CACA /* MovieSearchCoordinator.swift */,
				4A275E8727CE20D900F2CACA /* MovieDetailsCoordinator.swift */,
			);
			path = Coordinator;
			sourceTree = "<group>";
		};
		4A9BBC2127CE9DAA004A8C7F /* ViewModel */ = {
			isa = PBXGroup;
			children = (
				4A275E8B27CE221300F2CACA /* MovieViewModel.swift */,
				4A9BBC0F27CE452D004A8C7F /* MovieSearchViewModel.swift */,
				4A9BBC2F27CF4B45004A8C7F /* SearchTableViewDatasource.swift */,
			);
			path = ViewModel;
			sourceTree = "<group>";
		};
		4A9BBC2227CE9DBF004A8C7F /* View */ = {
			isa = PBXGroup;
			children = (
				4A275E7127CE0A1B00F2CACA /* MovieSearchViewController.swift */,
				4A275E8927CE21B800F2CACA /* MovieDetailsViewController.swift */,
				4A275E7327CE0A1B00F2CACA /* Main.storyboard */,
				4A9BBC3127CF718C004A8C7F /* MovieTableViewCell.swift */,
				4A9BBC3227CF718C004A8C7F /* MovieTableViewCell.xib */,
				4A9BBC3B27CF9734004A8C7F /* ImageLoader.swift */,
			);
			path = View;
			sourceTree = "<group>";
		};
		4A9BBC2327CE9DCD004A8C7F /* Models */ = {
			isa = PBXGroup;
			children = (
				4A9BBC1127CE4CC9004A8C7F /* MoviesModel.swift */,
			);
			path = Models;
			sourceTree = "<group>";
		};
		4A9BBC2627CE9EEC004A8C7F /* Api */ = {
			isa = PBXGroup;
			children = (
				4A9BBC1827CE63FC004A8C7F /* MovieSearchApi.swift */,
				4A9BBC2927CE9F95004A8C7F /* RemoteMovieSearchApi.swift */,
				4A9BBC2B27CE9FA5004A8C7F /* LocalJsonMovieSearch.swift */,
			);
			path = Api;
			sourceTree = "<group>";
		};
/* End PBXGroup section */

/* Begin PBXNativeTarget section */
		4A275E6927CE0A1B00F2CACA /* MovieWatch */ = {
			isa = PBXNativeTarget;
			buildConfigurationList = 4A275E7E27CE0A1D00F2CACA /* Build configuration list for PBXNativeTarget "MovieWatch" */;
			buildPhases = (
				4A275E6627CE0A1B00F2CACA /* Sources */,
				4A275E6727CE0A1B00F2CACA /* Frameworks */,
				4A275E6827CE0A1B00F2CACA /* Resources */,
			);
			buildRules = (
			);
			dependencies = (
			);
			name = MovieWatch;
			productName = MovieWatch;
			productReference = 4A275E6A27CE0A1B00F2CACA /* MovieWatch.app */;
			productType = "com.apple.product-type.application";
		};
/* End PBXNativeTarget section */

/* Begin PBXProject section */
		4A275E6227CE0A1B00F2CACA /* Project object */ = {
			isa = PBXProject;
			attributes = {
				BuildIndependentTargetsInParallel = 1;
				LastSwiftUpdateCheck = 1320;
				LastUpgradeCheck = 1320;
				TargetAttributes = {
					4A275E6927CE0A1B00F2CACA = {
						CreatedOnToolsVersion = 13.2.1;
					};
				};
			};
			buildConfigurationList = 4A275E6527CE0A1B00F2CACA /* Build configuration list for PBXProject "MovieWatch" */;
			compatibilityVersion = "Xcode 13.0";
			developmentRegion = en;
			hasScannedForEncodings = 0;
			knownRegions = (
				en,
				Base,
			);
			mainGroup = 4A275E6127CE0A1B00F2CACA;
			productRefGroup = 4A275E6B27CE0A1B00F2CACA /* Products */;
			projectDirPath = "";
			projectRoot = "";
			targets = (
				4A275E6927CE0A1B00F2CACA /* MovieWatch */,
			);
		};
/* End PBXProject section */

/* Begin PBXResourcesBuildPhase section */
		4A275E6827CE0A1B00F2CACA /* Resources */ = {
			isa = PBXResourcesBuildPhase;
			buildActionMask = 2147483647;
			files = (
				4A275E7A27CE0A1D00F2CACA /* LaunchScreen.storyboard in Resources */,
				4A9BBC3427CF718C004A8C7F /* MovieTableViewCell.xib in Resources */,
				4A275E7727CE0A1D00F2CACA /* Assets.xcassets in Resources */,
				4A275E8227CE0A4B00F2CACA /* movies.json in Resources */,
				4A275E7527CE0A1B00F2CACA /* Main.storyboard in Resources */,
			);
			runOnlyForDeploymentPostprocessing = 0;
		};
/* End PBXResourcesBuildPhase section */

/* Begin PBXSourcesBuildPhase section */
		4A275E6627CE0A1B00F2CACA /* Sources */ = {
			isa = PBXSourcesBuildPhase;
			buildActionMask = 2147483647;
			files = (
				4A9BBC3027CF4B45004A8C7F /* SearchTableViewDatasource.swift in Sources */,
				4A9BBC1227CE4CC9004A8C7F /* MoviesModel.swift in Sources */,
				4A9BBC2E27CEBA89004A8C7F /* Extensions.swift in Sources */,
				4A9BBC4027CFA325004A8C7F /* Protocols.swift in Sources */,
				4A9BBC2A27CE9F95004A8C7F /* RemoteMovieSearchApi.swift in Sources */,
				4A9BBC3E27CFA0CB004A8C7F /* Enums.swift in Sources */,
				4A9BBC2527CE9E0F004A8C7F /* ServiceManagerProtocol.swift in Sources */,
				4A275E8827CE20D900F2CACA /* MovieDetailsCoordinator.swift in Sources */,
				4A275E7227CE0A1B00F2CACA /* MovieSearchViewController.swift in Sources */,
				4A275E8A27CE21B800F2CACA /* MovieDetailsViewController.swift in Sources */,
				4A275E8627CE1D9B00F2CACA /* MovieSearchCoordinator.swift in Sources */,
				4A275E6E27CE0A1B00F2CACA /* AppDelegate.swift in Sources */,
				4A275E8C27CE221400F2CACA /* MovieViewModel.swift in Sources */,
				4A9BBC1B27CE9D4D004A8C7F /* RemoteService.swift in Sources */,
				4A275E8427CE1D5600F2CACA /* Coordinator.swift in Sources */,
				4A9BBC1027CE452D004A8C7F /* MovieSearchViewModel.swift in Sources */,
				4A9BBC3327CF718C004A8C7F /* MovieTableViewCell.swift in Sources */,
				4A9BBC3C27CF9734004A8C7F /* ImageLoader.swift in Sources */,
				4A9BBC2C27CE9FA5004A8C7F /* LocalJsonMovieSearch.swift in Sources */,
				4A9BBC1D27CE9D5D004A8C7F /* LocalJsonService.swift in Sources */,
				4A9BBC1427CE4D96004A8C7F /* JSONHelpers.swift in Sources */,
				4A9BBC1927CE63FC004A8C7F /* MovieSearchApi.swift in Sources */,
			);
			runOnlyForDeploymentPostprocessing = 0;
		};
/* End PBXSourcesBuildPhase section */

/* Begin PBXVariantGroup section */
		4A275E7327CE0A1B00F2CACA /* Main.storyboard */ = {
			isa = PBXVariantGroup;
			children = (
				4A275E7427CE0A1B00F2CACA /* Base */,
			);
			name = Main.storyboard;
			sourceTree = "<group>";
		};
		4A275E7827CE0A1D00F2CACA /* LaunchScreen.storyboard */ = {
			isa = PBXVariantGroup;
			children = (
				4A275E7927CE0A1D00F2CACA /* Base */,
			);
			name = LaunchScreen.storyboard;
			sourceTree = "<group>";
		};
/* End PBXVariantGroup section */

/* Begin XCBuildConfiguration section */
		4A275E7C27CE0A1D00F2CACA /* Debug */ = {
			isa = XCBuildConfiguration;
			buildSettings = {
				ALWAYS_SEARCH_USER_PATHS = NO;
				CLANG_ANALYZER_NONNULL = YES;
				CLANG_ANALYZER_NUMBER_OBJECT_CONVERSION = YES_AGGRESSIVE;
				CLANG_CXX_LANGUAGE_STANDARD = "gnu++17";
				CLANG_CXX_LIBRARY = "libc++";
				CLANG_ENABLE_MODULES = YES;
				CLANG_ENABLE_OBJC_ARC = YES;
				CLANG_ENABLE_OBJC_WEAK = YES;
				CLANG_WARN_BLOCK_CAPTURE_AUTORELEASING = YES;
				CLANG_WARN_BOOL_CONVERSION = YES;
				CLANG_WARN_COMMA = YES;
				CLANG_WARN_CONSTANT_CONVERSION = YES;
				CLANG_WARN_DEPRECATED_OBJC_IMPLEMENTATIONS = YES;
				CLANG_WARN_DIRECT_OBJC_ISA_USAGE = YES_ERROR;
				CLANG_WARN_DOCUMENTATION_COMMENTS = YES;
				CLANG_WARN_EMPTY_BODY = YES;
				CLANG_WARN_ENUM_CONVERSION = YES;
				CLANG_WARN_INFINITE_RECURSION = YES;
				CLANG_WARN_INT_CONVERSION = YES;
				CLANG_WARN_NON_LITERAL_NULL_CONVERSION = YES;
				CLANG_WARN_OBJC_IMPLICIT_RETAIN_SELF = YES;
				CLANG_WARN_OBJC_LITERAL_CONVERSION = YES;
				CLANG_WARN_OBJC_ROOT_CLASS = YES_ERROR;
				CLANG_WARN_QUOTED_INCLUDE_IN_FRAMEWORK_HEADER = YES;
				CLANG_WARN_RANGE_LOOP_ANALYSIS = YES;
				CLANG_WARN_STRICT_PROTOTYPES = YES;
				CLANG_WARN_SUSPICIOUS_MOVE = YES;
				CLANG_WARN_UNGUARDED_AVAILABILITY = YES_AGGRESSIVE;
				CLANG_WARN_UNREACHABLE_CODE = YES;
				CLANG_WARN__DUPLICATE_METHOD_MATCH = YES;
				COPY_PHASE_STRIP = NO;
				DEBUG_INFORMATION_FORMAT = dwarf;
				ENABLE_STRICT_OBJC_MSGSEND = YES;
				ENABLE_TESTABILITY = YES;
				GCC_C_LANGUAGE_STANDARD = gnu11;
				GCC_DYNAMIC_NO_PIC = NO;
				GCC_NO_COMMON_BLOCKS = YES;
				GCC_OPTIMIZATION_LEVEL = 0;
				GCC_PREPROCESSOR_DEFINITIONS = (
					"DEBUG=1",
					"$(inherited)",
				);
				GCC_WARN_64_TO_32_BIT_CONVERSION = YES;
				GCC_WARN_ABOUT_RETURN_TYPE = YES_ERROR;
				GCC_WARN_UNDECLARED_SELECTOR = YES;
				GCC_WARN_UNINITIALIZED_AUTOS = YES_AGGRESSIVE;
				GCC_WARN_UNUSED_FUNCTION = YES;
				GCC_WARN_UNUSED_VARIABLE = YES;
				IPHONEOS_DEPLOYMENT_TARGET = 15.2;
				MTL_ENABLE_DEBUG_INFO = INCLUDE_SOURCE;
				MTL_FAST_MATH = YES;
				ONLY_ACTIVE_ARCH = YES;
				SDKROOT = iphoneos;
				SWIFT_ACTIVE_COMPILATION_CONDITIONS = DEBUG;
				SWIFT_OPTIMIZATION_LEVEL = "-Onone";
			};
			name = Debug;
		};
		4A275E7D27CE0A1D00F2CACA /* Release */ = {
			isa = XCBuildConfiguration;
			buildSettings = {
				ALWAYS_SEARCH_USER_PATHS = NO;
				CLANG_ANALYZER_NONNULL = YES;
				CLANG_ANALYZER_NUMBER_OBJECT_CONVERSION = YES_AGGRESSIVE;
				CLANG_CXX_LANGUAGE_STANDARD = "gnu++17";
				CLANG_CXX_LIBRARY = "libc++";
				CLANG_ENABLE_MODULES = YES;
				CLANG_ENABLE_OBJC_ARC = YES;
				CLANG_ENABLE_OBJC_WEAK = YES;
				CLANG_WARN_BLOCK_CAPTURE_AUTORELEASING = YES;
				CLANG_WARN_BOOL_CONVERSION = YES;
				CLANG_WARN_COMMA = YES;
				CLANG_WARN_CONSTANT_CONVERSION = YES;
				CLANG_WARN_DEPRECATED_OBJC_IMPLEMENTATIONS = YES;
				CLANG_WARN_DIRECT_OBJC_ISA_USAGE = YES_ERROR;
				CLANG_WARN_DOCUMENTATION_COMMENTS = YES;
				CLANG_WARN_EMPTY_BODY = YES;
				CLANG_WARN_ENUM_CONVERSION = YES;
				CLANG_WARN_INFINITE_RECURSION = YES;
				CLANG_WARN_INT_CONVERSION = YES;
				CLANG_WARN_NON_LITERAL_NULL_CONVERSION = YES;
				CLANG_WARN_OBJC_IMPLICIT_RETAIN_SELF = YES;
				CLANG_WARN_OBJC_LITERAL_CONVERSION = YES;
				CLANG_WARN_OBJC_ROOT_CLASS = YES_ERROR;
				CLANG_WARN_QUOTED_INCLUDE_IN_FRAMEWORK_HEADER = YES;
				CLANG_WARN_RANGE_LOOP_ANALYSIS = YES;
				CLANG_WARN_STRICT_PROTOTYPES = YES;
				CLANG_WARN_SUSPICIOUS_MOVE = YES;
				CLANG_WARN_UNGUARDED_AVAILABILITY = YES_AGGRESSIVE;
				CLANG_WARN_UNREACHABLE_CODE = YES;
				CLANG_WARN__DUPLICATE_METHOD_MATCH = YES;
				COPY_PHASE_STRIP = NO;
				DEBUG_INFORMATION_FORMAT = "dwarf-with-dsym";
				ENABLE_NS_ASSERTIONS = NO;
				ENABLE_STRICT_OBJC_MSGSEND = YES;
				GCC_C_LANGUAGE_STANDARD = gnu11;
				GCC_NO_COMMON_BLOCKS = YES;
				GCC_WARN_64_TO_32_BIT_CONVERSION = YES;
				GCC_WARN_ABOUT_RETURN_TYPE = YES_ERROR;
				GCC_WARN_UNDECLARED_SELECTOR = YES;
				GCC_WARN_UNINITIALIZED_AUTOS = YES_AGGRESSIVE;
				GCC_WARN_UNUSED_FUNCTION = YES;
				GCC_WARN_UNUSED_VARIABLE = YES;
				IPHONEOS_DEPLOYMENT_TARGET = 15.2;
				MTL_ENABLE_DEBUG_INFO = NO;
				MTL_FAST_MATH = YES;
				SDKROOT = iphoneos;
				SWIFT_COMPILATION_MODE = wholemodule;
				SWIFT_OPTIMIZATION_LEVEL = "-O";
				VALIDATE_PRODUCT = YES;
			};
			name = Release;
		};
		4A275E7F27CE0A1D00F2CACA /* Debug */ = {
			isa = XCBuildConfiguration;
			buildSettings = {
				ASSETCATALOG_COMPILER_APPICON_NAME = AppIcon;
				ASSETCATALOG_COMPILER_GLOBAL_ACCENT_COLOR_NAME = AccentColor;
				CODE_SIGN_STYLE = Automatic;
				CURRENT_PROJECT_VERSION = 1;
				DEVELOPMENT_TEAM = H25RSVW6NX;
				GENERATE_INFOPLIST_FILE = YES;
				INFOPLIST_FILE = MovieWatch/Info.plist;
				INFOPLIST_KEY_UIApplicationSupportsIndirectInputEvents = YES;
				INFOPLIST_KEY_UILaunchStoryboardName = LaunchScreen;
				INFOPLIST_KEY_UIMainStoryboardFile = Main;
				INFOPLIST_KEY_UISupportedInterfaceOrientations_iPad = "UIInterfaceOrientationPortrait UIInterfaceOrientationPortraitUpsideDown UIInterfaceOrientationLandscapeLeft UIInterfaceOrientationLandscapeRight";
				INFOPLIST_KEY_UISupportedInterfaceOrientations_iPhone = "UIInterfaceOrientationPortrait UIInterfaceOrientationLandscapeLeft UIInterfaceOrientationLandscapeRight";
				LD_RUNPATH_SEARCH_PATHS = (
					"$(inherited)",
					"@executable_path/Frameworks",
				);
				MARKETING_VERSION = 1.0;
				PRODUCT_BUNDLE_IDENTIFIER = com.db.movies.MovieWatch;
				PRODUCT_NAME = "$(TARGET_NAME)";
				SWIFT_EMIT_LOC_STRINGS = YES;
				SWIFT_VERSION = 5.0;
				TARGETED_DEVICE_FAMILY = 1;
			};
			name = Debug;
		};
		4A275E8027CE0A1D00F2CACA /* Release */ = {
			isa = XCBuildConfiguration;
			buildSettings = {
				ASSETCATALOG_COMPILER_APPICON_NAME = AppIcon;
				ASSETCATALOG_COMPILER_GLOBAL_ACCENT_COLOR_NAME = AccentColor;
				CODE_SIGN_STYLE = Automatic;
				CURRENT_PROJECT_VERSION = 1;
				DEVELOPMENT_TEAM = H25RSVW6NX;
				GENERATE_INFOPLIST_FILE = YES;
				INFOPLIST_FILE = MovieWatch/Info.plist;
				INFOPLIST_KEY_UIApplicationSupportsIndirectInputEvents = YES;
				INFOPLIST_KEY_UILaunchStoryboardName = LaunchScreen;
				INFOPLIST_KEY_UIMainStoryboardFile = Main;
				INFOPLIST_KEY_UISupportedInterfaceOrientations_iPad = "UIInterfaceOrientationPortrait UIInterfaceOrientationPortraitUpsideDown UIInterfaceOrientationLandscapeLeft UIInterfaceOrientationLandscapeRight";
				INFOPLIST_KEY_UISupportedInterfaceOrientations_iPhone = "UIInterfaceOrientationPortrait UIInterfaceOrientationLandscapeLeft UIInterfaceOrientationLandscapeRight";
				LD_RUNPATH_SEARCH_PATHS = (
					"$(inherited)",
					"@executable_path/Frameworks",
				);
				MARKETING_VERSION = 1.0;
				PRODUCT_BUNDLE_IDENTIFIER = com.db.movies.MovieWatch;
				PRODUCT_NAME = "$(TARGET_NAME)";
				SWIFT_EMIT_LOC_STRINGS = YES;
				SWIFT_VERSION = 5.0;
				TARGETED_DEVICE_FAMILY = 1;
			};
			name = Release;
		};
/* End XCBuildConfiguration section */

/* Begin XCConfigurationList section */
		4A275E6527CE0A1B00F2CACA /* Build configuration list for PBXProject "MovieWatch" */ = {
			isa = XCConfigurationList;
			buildConfigurations = (
				4A275E7C27CE0A1D00F2CACA /* Debug */,
				4A275E7D27CE0A1D00F2CACA /* Release */,
			);
			defaultConfigurationIsVisible = 0;
			defaultConfigurationName = Release;
		};
		4A275E7E27CE0A1D00F2CACA /* Build configuration list for PBXNativeTarget "MovieWatch" */ = {
			isa = XCConfigurationList;
			buildConfigurations = (
				4A275E7F27CE0A1D00F2CACA /* Debug */,
				4A275E8027CE0A1D00F2CACA /* Release */,
			);
			defaultConfigurationIsVisible = 0;
			defaultConfigurationName = Release;
		};
/* End XCConfigurationList section */
	};
	rootObject = 4A275E6227CE0A1B00F2CACA /* Project object */;
}
